
Microsoft Visual Studio Solution File, Format Version 12.00
# Visual Studio Version 17
VisualStudioVersion = 17.8.34525.116
MinimumVisualStudioVersion = 10.0.40219.1
Project("{FAE04EC0-301F-11D3-BF4B-00C04F79EFBC}") = "PracticaMVC", "PracticaMVC\PracticaMVC.csproj", "{0C577695-6C8A-4B09-B397-608817F33F4E}"
EndProject
Global
	GlobalSection(SolutionConfigurationPlatforms) = preSolution
		Debug|Any CPU = Debug|Any CPU
		Release|Any CPU = Release|Any CPU
	EndGlobalSection
	GlobalSection(ProjectConfigurationPlatforms) = postSolution
		{0C577695-6C8A-4B09-B397-608817F33F4E}.Debug|Any CPU.ActiveCfg = Debug|Any CPU
		{0C577695-6C8A-4B09-B397-608817F33F4E}.Debug|Any CPU.Build.0 = Debug|Any CPU
		{0C577695-6C8A-4B09-B397-608817F33F4E}.Release|Any CPU.ActiveCfg = Release|Any CPU
		{0C577695-6C8A-4B09-B397-608817F33F4E}.Release|Any CPU.Build.0 = Release|Any CPU
	EndGlobalSection
	GlobalSection(SolutionProperties) = preSolution
		HideSolutionNode = FALSE
	EndGlobalSection
	GlobalSection(ExtensibilityGlobals) = postSolution
		SolutionGuid = {329FC8C6-0D8B-4059-BA37-225CD89CCB94}
	EndGlobalSection
EndGlobal
